
Microsoft Visual Studio Solution File, Format Version 12.00
# Visual Studio 2013
VisualStudioVersion = 12.0.21005.1
MinimumVisualStudioVersion = 10.0.40219.1
Project("{2150E333-8FDC-42A3-9474-1A3956D46DE8}") = "Solution Items", "Solution Items", "{312487DD-5EBE-44C2-AB62-C2EA54305855}"
	ProjectSection(SolutionItems) = preProject
		Local.testsettings = Local.testsettings
		QA automation testing - overview.png = QA automation testing - overview.png
		QAAutomationSample.vsmdi = QAAutomationSample.vsmdi
		TraceAndTestImpact.testsettings = TraceAndTestImpact.testsettings
	EndProjectSection
EndProject
Project("{2150E333-8FDC-42A3-9474-1A3956D46DE8}") = ".nuget", ".nuget", "{94A4B385-933D-4748-82E8-CDD8B88E6B22}"
	ProjectSection(SolutionItems) = preProject
		.nuget\NuGet.Config = .nuget\NuGet.Config
		.nuget\NuGet.exe = .nuget\NuGet.exe
		.nuget\NuGet.targets = .nuget\NuGet.targets
		.nuget\packages.config = .nuget\packages.config
	EndProjectSection
EndProject
Project("{FAE04EC0-301F-11D3-BF4B-00C04F79EFBC}") = "CalculatorWebTests", "CalculatorWebTests\CalculatorWebTests.csproj", "{A3C1374E-489A-4A1A-81E0-3270470B495A}"
EndProject
Project("{FAE04EC0-301F-11D3-BF4B-00C04F79EFBC}") = "CalculatorWeb", "CalculatorWeb\CalculatorWeb.csproj", "{9E4D04AC-F8B3-4720-A5D7-D9FEECD4FD0E}"
EndProject
Project("{FAE04EC0-301F-11D3-BF4B-00C04F79EFBC}") = "Seavus.Framework.SeleniumPageAutomation", "SeleniumHelper\Seavus.Framework.SeleniumPageAutomation.csproj", "{498156B7-BE17-4EB8-99CA-31548BDD6A90}"
EndProject
Global
	GlobalSection(SolutionConfigurationPlatforms) = preSolution
		Debug|Any CPU = Debug|Any CPU
		Release|Any CPU = Release|Any CPU
	EndGlobalSection
	GlobalSection(ProjectConfigurationPlatforms) = postSolution
		{A3C1374E-489A-4A1A-81E0-3270470B495A}.Debug|Any CPU.ActiveCfg = Debug|Any CPU
		{A3C1374E-489A-4A1A-81E0-3270470B495A}.Debug|Any CPU.Build.0 = Debug|Any CPU
		{A3C1374E-489A-4A1A-81E0-3270470B495A}.Release|Any CPU.ActiveCfg = Release|Any CPU
		{A3C1374E-489A-4A1A-81E0-3270470B495A}.Release|Any CPU.Build.0 = Release|Any CPU
		{9E4D04AC-F8B3-4720-A5D7-D9FEECD4FD0E}.Debug|Any CPU.ActiveCfg = Debug|Any CPU
		{9E4D04AC-F8B3-4720-A5D7-D9FEECD4FD0E}.Debug|Any CPU.Build.0 = Debug|Any CPU
		{9E4D04AC-F8B3-4720-A5D7-D9FEECD4FD0E}.Release|Any CPU.ActiveCfg = Release|Any CPU
		{9E4D04AC-F8B3-4720-A5D7-D9FEECD4FD0E}.Release|Any CPU.Build.0 = Release|Any CPU
		{498156B7-BE17-4EB8-99CA-31548BDD6A90}.Debug|Any CPU.ActiveCfg = Debug|Any CPU
		{498156B7-BE17-4EB8-99CA-31548BDD6A90}.Debug|Any CPU.Build.0 = Debug|Any CPU
		{498156B7-BE17-4EB8-99CA-31548BDD6A90}.Release|Any CPU.ActiveCfg = Release|Any CPU
		{498156B7-BE17-4EB8-99CA-31548BDD6A90}.Release|Any CPU.Build.0 = Release|Any CPU
	EndGlobalSection
	GlobalSection(SolutionProperties) = preSolution
		HideSolutionNode = FALSE
	EndGlobalSection
	GlobalSection(TestCaseManagementSettings) = postSolution
		CategoryFile = QAAutomationSample.vsmdi
	EndGlobalSection
EndGlobal
